// !$*UTF8*$!
{
	archiveVersion = 1;
	classes = {
	};
	objectVersion = 55;
	objects = {

/* Begin PBXBuildFile section */
		145773D9530EF3ACA4FA6BC7 /* Pods_Messenger.framework in Frameworks */ = {isa = PBXBuildFile; fileRef = 56355C2C2928764C6C6A7A89 /* Pods_Messenger.framework */; };
		F64D268228382F0C00982D3E /* DatabaseManager.swift in Sources */ = {isa = PBXBuildFile; fileRef = F64D268128382F0C00982D3E /* DatabaseManager.swift */; };
		F67ADEB9283390ED00D59B67 /* AppDelegate.swift in Sources */ = {isa = PBXBuildFile; fileRef = F67ADEB8283390ED00D59B67 /* AppDelegate.swift */; };
		F67ADEBB283390ED00D59B67 /* SceneDelegate.swift in Sources */ = {isa = PBXBuildFile; fileRef = F67ADEBA283390ED00D59B67 /* SceneDelegate.swift */; };
		F67ADEBD283390ED00D59B67 /* ConversationsViewController.swift in Sources */ = {isa = PBXBuildFile; fileRef = F67ADEBC283390ED00D59B67 /* ConversationsViewController.swift */; };
		F67ADEC0283390ED00D59B67 /* Main.storyboard in Resources */ = {isa = PBXBuildFile; fileRef = F67ADEBE283390ED00D59B67 /* Main.storyboard */; };
		F67ADEC2283390EE00D59B67 /* Assets.xcassets in Resources */ = {isa = PBXBuildFile; fileRef = F67ADEC1283390EE00D59B67 /* Assets.xcassets */; };
		F67ADEC5283390EE00D59B67 /* LaunchScreen.storyboard in Resources */ = {isa = PBXBuildFile; fileRef = F67ADEC3283390EE00D59B67 /* LaunchScreen.storyboard */; };
		F67ADED3283392F200D59B67 /* LoginViewController.swift in Sources */ = {isa = PBXBuildFile; fileRef = F67ADED2283392F200D59B67 /* LoginViewController.swift */; };
		F67ADED5283392FD00D59B67 /* RegisterViewController.swift in Sources */ = {isa = PBXBuildFile; fileRef = F67ADED4283392FD00D59B67 /* RegisterViewController.swift */; };
		F67ADED72833931200D59B67 /* PhotoViewerViewController.swift in Sources */ = {isa = PBXBuildFile; fileRef = F67ADED62833931200D59B67 /* PhotoViewerViewController.swift */; };
		F67ADEDA2833932600D59B67 /* VideoPlayerViewController.swift in Sources */ = {isa = PBXBuildFile; fileRef = F67ADED92833932600D59B67 /* VideoPlayerViewController.swift */; };
		F67ADEDC2833934500D59B67 /* NewConversationViewController.swift in Sources */ = {isa = PBXBuildFile; fileRef = F67ADEDB2833934500D59B67 /* NewConversationViewController.swift */; };
		F67ADEDE2833935100D59B67 /* ProfileViewController.swift in Sources */ = {isa = PBXBuildFile; fileRef = F67ADEDD2833935100D59B67 /* ProfileViewController.swift */; };
		F67ADEE128339E5B00D59B67 /* Extensions.swift in Sources */ = {isa = PBXBuildFile; fileRef = F67ADEE028339E5B00D59B67 /* Extensions.swift */; };
		F67ADEE62833EDF500D59B67 /* GoogleService-Info.plist in Resources */ = {isa = PBXBuildFile; fileRef = F67ADEE52833EDF500D59B67 /* GoogleService-Info.plist */; };
/* End PBXBuildFile section */

/* Begin PBXFileReference section */
		56355C2C2928764C6C6A7A89 /* Pods_Messenger.framework */ = {isa = PBXFileReference; explicitFileType = wrapper.framework; includeInIndex = 0; path = Pods_Messenger.framework; sourceTree = BUILT_PRODUCTS_DIR; };
		9B380725B8210D26B4C2BA7D /* Pods-Messenger.release.xcconfig */ = {isa = PBXFileReference; includeInIndex = 1; lastKnownFileType = text.xcconfig; name = "Pods-Messenger.release.xcconfig"; path = "Target Support Files/Pods-Messenger/Pods-Messenger.release.xcconfig"; sourceTree = "<group>"; };
		BF1351360504964D042B056D /* Pods-Messenger.debug.xcconfig */ = {isa = PBXFileReference; includeInIndex = 1; lastKnownFileType = text.xcconfig; name = "Pods-Messenger.debug.xcconfig"; path = "Target Support Files/Pods-Messenger/Pods-Messenger.debug.xcconfig"; sourceTree = "<group>"; };
		F64D268128382F0C00982D3E /* DatabaseManager.swift */ = {isa = PBXFileReference; lastKnownFileType = sourcecode.swift; path = DatabaseManager.swift; sourceTree = "<group>"; };
		F67ADEB5283390ED00D59B67 /* Messenger.app */ = {isa = PBXFileReference; explicitFileType = wrapper.application; includeInIndex = 0; path = Messenger.app; sourceTree = BUILT_PRODUCTS_DIR; };
		F67ADEB8283390ED00D59B67 /* AppDelegate.swift */ = {isa = PBXFileReference; lastKnownFileType = sourcecode.swift; path = AppDelegate.swift; sourceTree = "<group>"; };
		F67ADEBA283390ED00D59B67 /* SceneDelegate.swift */ = {isa = PBXFileReference; lastKnownFileType = sourcecode.swift; path = SceneDelegate.swift; sourceTree = "<group>"; };
		F67ADEBC283390ED00D59B67 /* ConversationsViewController.swift */ = {isa = PBXFileReference; lastKnownFileType = sourcecode.swift; path = ConversationsViewController.swift; sourceTree = "<group>"; };
		F67ADEBF283390ED00D59B67 /* Base */ = {isa = PBXFileReference; lastKnownFileType = file.storyboard; name = Base; path = Base.lproj/Main.storyboard; sourceTree = "<group>"; };
		F67ADEC1283390EE00D59B67 /* Assets.xcassets */ = {isa = PBXFileReference; lastKnownFileType = folder.assetcatalog; path = Assets.xcassets; sourceTree = "<group>"; };
		F67ADEC4283390EE00D59B67 /* Base */ = {isa = PBXFileReference; lastKnownFileType = file.storyboard; name = Base; path = Base.lproj/LaunchScreen.storyboard; sourceTree = "<group>"; };
		F67ADEC6283390EE00D59B67 /* Info.plist */ = {isa = PBXFileReference; lastKnownFileType = text.plist.xml; path = Info.plist; sourceTree = "<group>"; };
		F67ADED2283392F200D59B67 /* LoginViewController.swift */ = {isa = PBXFileReference; lastKnownFileType = sourcecode.swift; path = LoginViewController.swift; sourceTree = "<group>"; };
		F67ADED4283392FD00D59B67 /* RegisterViewController.swift */ = {isa = PBXFileReference; lastKnownFileType = sourcecode.swift; path = RegisterViewController.swift; sourceTree = "<group>"; };
		F67ADED62833931200D59B67 /* PhotoViewerViewController.swift */ = {isa = PBXFileReference; lastKnownFileType = sourcecode.swift; path = PhotoViewerViewController.swift; sourceTree = "<group>"; };
		F67ADED92833932600D59B67 /* VideoPlayerViewController.swift */ = {isa = PBXFileReference; lastKnownFileType = sourcecode.swift; path = VideoPlayerViewController.swift; sourceTree = "<group>"; };
		F67ADEDB2833934500D59B67 /* NewConversationViewController.swift */ = {isa = PBXFileReference; lastKnownFileType = sourcecode.swift; path = NewConversationViewController.swift; sourceTree = "<group>"; };
		F67ADEDD2833935100D59B67 /* ProfileViewController.swift */ = {isa = PBXFileReference; lastKnownFileType = sourcecode.swift; path = ProfileViewController.swift; sourceTree = "<group>"; };
		F67ADEE028339E5B00D59B67 /* Extensions.swift */ = {isa = PBXFileReference; lastKnownFileType = sourcecode.swift; path = Extensions.swift; sourceTree = "<group>"; };
		F67ADEE52833EDF500D59B67 /* GoogleService-Info.plist */ = {isa = PBXFileReference; fileEncoding = 4; lastKnownFileType = text.plist.xml; name = "GoogleService-Info.plist"; path = "../../../../Downloads/GoogleService-Info.plist"; sourceTree = "<group>"; };
/* End PBXFileReference section */

/* Begin PBXFrameworksBuildPhase section */
		F67ADEB2283390ED00D59B67 /* Frameworks */ = {
			isa = PBXFrameworksBuildPhase;
			buildActionMask = 2147483647;
			files = (
				145773D9530EF3ACA4FA6BC7 /* Pods_Messenger.framework in Frameworks */,
			);
			runOnlyForDeploymentPostprocessing = 0;
		};
/* End PBXFrameworksBuildPhase section */

/* Begin PBXGroup section */
		3C6A89CAE46F86EA86E42066 /* Frameworks */ = {
			isa = PBXGroup;
			children = (
				56355C2C2928764C6C6A7A89 /* Pods_Messenger.framework */,
			);
			name = Frameworks;
			sourceTree = "<group>";
		};
		AE5CA05BA7C4E64F71176245 /* Pods */ = {
			isa = PBXGroup;
			children = (
				BF1351360504964D042B056D /* Pods-Messenger.debug.xcconfig */,
				9B380725B8210D26B4C2BA7D /* Pods-Messenger.release.xcconfig */,
			);
			path = Pods;
			sourceTree = "<group>";
		};
		F67ADEAC283390ED00D59B67 = {
			isa = PBXGroup;
			children = (
				F67ADEB7283390ED00D59B67 /* Messenger */,
				F67ADEB6283390ED00D59B67 /* Products */,
				AE5CA05BA7C4E64F71176245 /* Pods */,
				3C6A89CAE46F86EA86E42066 /* Frameworks */,
			);
			sourceTree = "<group>";
		};
		F67ADEB6283390ED00D59B67 /* Products */ = {
			isa = PBXGroup;
			children = (
				F67ADEB5283390ED00D59B67 /* Messenger.app */,
			);
			name = Products;
			sourceTree = "<group>";
		};
		F67ADEB7283390ED00D59B67 /* Messenger */ = {
			isa = PBXGroup;
			children = (
				F67ADED02833924000D59B67 /* Resources */,
				F67ADECF2833923A00D59B67 /* Models */,
				F67ADECE2833923500D59B67 /* Views */,
				F67ADECD2833921A00D59B67 /* ViewModels */,
				F67ADECC2833920F00D59B67 /* Controllers */,
				F67ADEC6283390EE00D59B67 /* Info.plist */,
				F67ADEE52833EDF500D59B67 /* GoogleService-Info.plist */,
			);
			path = Messenger;
			sourceTree = "<group>";
		};
		F67ADECC2833920F00D59B67 /* Controllers */ = {
			isa = PBXGroup;
			children = (
				F67ADEBC283390ED00D59B67 /* ConversationsViewController.swift */,
				F67ADEDF2833940F00D59B67 /* Login */,
				F67ADED62833931200D59B67 /* PhotoViewerViewController.swift */,
				F67ADEDD2833935100D59B67 /* ProfileViewController.swift */,
				F67ADED92833932600D59B67 /* VideoPlayerViewController.swift */,
				F67ADEDB2833934500D59B67 /* NewConversationViewController.swift */,
			);
			path = Controllers;
			sourceTree = "<group>";
		};
		F67ADECD2833921A00D59B67 /* ViewModels */ = {
			isa = PBXGroup;
			children = (
			);
			path = ViewModels;
			sourceTree = "<group>";
		};
		F67ADECE2833923500D59B67 /* Views */ = {
			isa = PBXGroup;
			children = (
				F67ADED12833926D00D59B67 /* Storyboards */,
				F67ADEC1283390EE00D59B67 /* Assets.xcassets */,
			);
			path = Views;
			sourceTree = "<group>";
		};
		F67ADECF2833923A00D59B67 /* Models */ = {
			isa = PBXGroup;
			children = (
			);
			path = Models;
			sourceTree = "<group>";
		};
		F67ADED02833924000D59B67 /* Resources */ = {
			isa = PBXGroup;
			children = (
				F67ADEB8283390ED00D59B67 /* AppDelegate.swift */,
				F67ADEBA283390ED00D59B67 /* SceneDelegate.swift */,
				F67ADEE028339E5B00D59B67 /* Extensions.swift */,
				F64D268128382F0C00982D3E /* DatabaseManager.swift */,
			);
			path = Resources;
			sourceTree = "<group>";
		};
		F67ADED12833926D00D59B67 /* Storyboards */ = {
			isa = PBXGroup;
			children = (
				F67ADEBE283390ED00D59B67 /* Main.storyboard */,
				F67ADEC3283390EE00D59B67 /* LaunchScreen.storyboard */,
			);
			path = Storyboards;
			sourceTree = "<group>";
		};
		F67ADEDF2833940F00D59B67 /* Login */ = {
			isa = PBXGroup;
			children = (
				F67ADED2283392F200D59B67 /* LoginViewController.swift */,
				F67ADED4283392FD00D59B67 /* RegisterViewController.swift */,
			);
			path = Login;
			sourceTree = "<group>";
		};
/* End PBXGroup section */

/* Begin PBXNativeTarget section */
		F67ADEB4283390ED00D59B67 /* Messenger */ = {
			isa = PBXNativeTarget;
			buildConfigurationList = F67ADEC9283390EE00D59B67 /* Build configuration list for PBXNativeTarget "Messenger" */;
			buildPhases = (
				03025906A03CB29FA0EF40BD /* [CP] Check Pods Manifest.lock */,
				F67ADEB1283390ED00D59B67 /* Sources */,
				F67ADEB2283390ED00D59B67 /* Frameworks */,
				F67ADEB3283390ED00D59B67 /* Resources */,
				018A102B129A0052EBF2B8C2 /* [CP] Embed Pods Frameworks */,
			);
			buildRules = (
			);
			dependencies = (
			);
			name = Messenger;
			productName = Messenger;
			productReference = F67ADEB5283390ED00D59B67 /* Messenger.app */;
			productType = "com.apple.product-type.application";
		};
/* End PBXNativeTarget section */

/* Begin PBXProject section */
		F67ADEAD283390ED00D59B67 /* Project object */ = {
			isa = PBXProject;
			attributes = {
				BuildIndependentTargetsInParallel = 1;
				LastSwiftUpdateCheck = 1330;
				LastUpgradeCheck = 1330;
				TargetAttributes = {
					F67ADEB4283390ED00D59B67 = {
						CreatedOnToolsVersion = 13.3.1;
					};
				};
			};
			buildConfigurationList = F67ADEB0283390ED00D59B67 /* Build configuration list for PBXProject "Messenger" */;
			compatibilityVersion = "Xcode 13.0";
			developmentRegion = en;
			hasScannedForEncodings = 0;
			knownRegions = (
				en,
				Base,
			);
			mainGroup = F67ADEAC283390ED00D59B67;
			productRefGroup = F67ADEB6283390ED00D59B67 /* Products */;
			projectDirPath = "";
			projectRoot = "";
			targets = (
				F67ADEB4283390ED00D59B67 /* Messenger */,
			);
		};
/* End PBXProject section */

/* Begin PBXResourcesBuildPhase section */
		F67ADEB3283390ED00D59B67 /* Resources */ = {
			isa = PBXResourcesBuildPhase;
			buildActionMask = 2147483647;
			files = (
				F67ADEC5283390EE00D59B67 /* LaunchScreen.storyboard in Resources */,
				F67ADEE62833EDF500D59B67 /* GoogleService-Info.plist in Resources */,
				F67ADEC2283390EE00D59B67 /* Assets.xcassets in Resources */,
				F67ADEC0283390ED00D59B67 /* Main.storyboard in Resources */,
			);
			runOnlyForDeploymentPostprocessing = 0;
		};
/* End PBXResourcesBuildPhase section */

/* Begin PBXShellScriptBuildPhase section */
		018A102B129A0052EBF2B8C2 /* [CP] Embed Pods Frameworks */ = {
			isa = PBXShellScriptBuildPhase;
			buildActionMask = 2147483647;
			files = (
			);
			inputFileListPaths = (
				"${PODS_ROOT}/Target Support Files/Pods-Messenger/Pods-Messenger-frameworks-${CONFIGURATION}-input-files.xcfilelist",
			);
			name = "[CP] Embed Pods Frameworks";
			outputFileListPaths = (
				"${PODS_ROOT}/Target Support Files/Pods-Messenger/Pods-Messenger-frameworks-${CONFIGURATION}-output-files.xcfilelist",
			);
			runOnlyForDeploymentPostprocessing = 0;
			shellPath = /bin/sh;
			shellScript = "\"${PODS_ROOT}/Target Support Files/Pods-Messenger/Pods-Messenger-frameworks.sh\"\n";
			showEnvVarsInLog = 0;
		};
		03025906A03CB29FA0EF40BD /* [CP] Check Pods Manifest.lock */ = {
			isa = PBXShellScriptBuildPhase;
			buildActionMask = 2147483647;
			files = (
			);
			inputFileListPaths = (
			);
			inputPaths = (
				"${PODS_PODFILE_DIR_PATH}/Podfile.lock",
				"${PODS_ROOT}/Manifest.lock",
			);
			name = "[CP] Check Pods Manifest.lock";
			outputFileListPaths = (
			);
			outputPaths = (
				"$(DERIVED_FILE_DIR)/Pods-Messenger-checkManifestLockResult.txt",
			);
			runOnlyForDeploymentPostprocessing = 0;
			shellPath = /bin/sh;
			shellScript = "diff \"${PODS_PODFILE_DIR_PATH}/Podfile.lock\" \"${PODS_ROOT}/Manifest.lock\" > /dev/null\nif [ $? != 0 ] ; then\n    # print error to STDERR\n    echo \"error: The sandbox is not in sync with the Podfile.lock. Run 'pod install' or update your CocoaPods installation.\" >&2\n    exit 1\nfi\n# This output is used by Xcode 'outputs' to avoid re-running this script phase.\necho \"SUCCESS\" > \"${SCRIPT_OUTPUT_FILE_0}\"\n";
			showEnvVarsInLog = 0;
		};
/* End PBXShellScriptBuildPhase section */

/* Begin PBXSourcesBuildPhase section */
		F67ADEB1283390ED00D59B67 /* Sources */ = {
			isa = PBXSourcesBuildPhase;
			buildActionMask = 2147483647;
			files = (
				F67ADED3283392F200D59B67 /* LoginViewController.swift in Sources */,
				F64D268228382F0C00982D3E /* DatabaseManager.swift in Sources */,
				F67ADED5283392FD00D59B67 /* RegisterViewController.swift in Sources */,
				F67ADEDC2833934500D59B67 /* NewConversationViewController.swift in Sources */,
				F67ADEBD283390ED00D59B67 /* ConversationsViewController.swift in Sources */,
				F67ADEDA2833932600D59B67 /* VideoPlayerViewController.swift in Sources */,
				F67ADEE128339E5B00D59B67 /* Extensions.swift in Sources */,
				F67ADEB9283390ED00D59B67 /* AppDelegate.swift in Sources */,
				F67ADEDE2833935100D59B67 /* ProfileViewController.swift in Sources */,
				F67ADEBB283390ED00D59B67 /* SceneDelegate.swift in Sources */,
				F67ADED72833931200D59B67 /* PhotoViewerViewController.swift in Sources */,
			);
			runOnlyForDeploymentPostprocessing = 0;
		};
/* End PBXSourcesBuildPhase section */

/* Begin PBXVariantGroup section */
		F67ADEBE283390ED00D59B67 /* Main.storyboard */ = {
			isa = PBXVariantGroup;
			children = (
				F67ADEBF283390ED00D59B67 /* Base */,
			);
			name = Main.storyboard;
			sourceTree = "<group>";
		};
		F67ADEC3283390EE00D59B67 /* LaunchScreen.storyboard */ = {
			isa = PBXVariantGroup;
			children = (
				F67ADEC4283390EE00D59B67 /* Base */,
			);
			name = LaunchScreen.storyboard;
			sourceTree = "<group>";
		};
/* End PBXVariantGroup section */

/* Begin XCBuildConfiguration section */
		F67ADEC7283390EE00D59B67 /* Debug */ = {
			isa = XCBuildConfiguration;
			buildSettings = {
				ALWAYS_SEARCH_USER_PATHS = NO;
				CLANG_ANALYZER_NONNULL = YES;
				CLANG_ANALYZER_NUMBER_OBJECT_CONVERSION = YES_AGGRESSIVE;
				CLANG_CXX_LANGUAGE_STANDARD = "gnu++17";
				CLANG_ENABLE_MODULES = YES;
				CLANG_ENABLE_OBJC_ARC = YES;
				CLANG_ENABLE_OBJC_WEAK = YES;
				CLANG_WARN_BLOCK_CAPTURE_AUTORELEASING = YES;
				CLANG_WARN_BOOL_CONVERSION = YES;
				CLANG_WARN_COMMA = YES;
				CLANG_WARN_CONSTANT_CONVERSION = YES;
				CLANG_WARN_DEPRECATED_OBJC_IMPLEMENTATIONS = YES;
				CLANG_WARN_DIRECT_OBJC_ISA_USAGE = YES_ERROR;
				CLANG_WARN_DOCUMENTATION_COMMENTS = YES;
				CLANG_WARN_EMPTY_BODY = YES;
				CLANG_WARN_ENUM_CONVERSION = YES;
				CLANG_WARN_INFINITE_RECURSION = YES;
				CLANG_WARN_INT_CONVERSION = YES;
				CLANG_WARN_NON_LITERAL_NULL_CONVERSION = YES;
				CLANG_WARN_OBJC_IMPLICIT_RETAIN_SELF = YES;
				CLANG_WARN_OBJC_LITERAL_CONVERSION = YES;
				CLANG_WARN_OBJC_ROOT_CLASS = YES_ERROR;
				CLANG_WARN_QUOTED_INCLUDE_IN_FRAMEWORK_HEADER = YES;
				CLANG_WARN_RANGE_LOOP_ANALYSIS = YES;
				CLANG_WARN_STRICT_PROTOTYPES = YES;
				CLANG_WARN_SUSPICIOUS_MOVE = YES;
				CLANG_WARN_UNGUARDED_AVAILABILITY = YES_AGGRESSIVE;
				CLANG_WARN_UNREACHABLE_CODE = YES;
				CLANG_WARN__DUPLICATE_METHOD_MATCH = YES;
				COPY_PHASE_STRIP = NO;
				DEBUG_INFORMATION_FORMAT = dwarf;
				ENABLE_STRICT_OBJC_MSGSEND = YES;
				ENABLE_TESTABILITY = YES;
				GCC_C_LANGUAGE_STANDARD = gnu11;
				GCC_DYNAMIC_NO_PIC = NO;
				GCC_NO_COMMON_BLOCKS = YES;
				GCC_OPTIMIZATION_LEVEL = 0;
				GCC_PREPROCESSOR_DEFINITIONS = (
					"DEBUG=1",
					"$(inherited)",
				);
				GCC_WARN_64_TO_32_BIT_CONVERSION = YES;
				GCC_WARN_ABOUT_RETURN_TYPE = YES_ERROR;
				GCC_WARN_UNDECLARED_SELECTOR = YES;
				GCC_WARN_UNINITIALIZED_AUTOS = YES_AGGRESSIVE;
				GCC_WARN_UNUSED_FUNCTION = YES;
				GCC_WARN_UNUSED_VARIABLE = YES;
				IPHONEOS_DEPLOYMENT_TARGET = 15.4;
				MTL_ENABLE_DEBUG_INFO = INCLUDE_SOURCE;
				MTL_FAST_MATH = YES;
				ONLY_ACTIVE_ARCH = YES;
				SDKROOT = iphoneos;
				SWIFT_ACTIVE_COMPILATION_CONDITIONS = DEBUG;
				SWIFT_OPTIMIZATION_LEVEL = "-Onone";
			};
			name = Debug;
		};
		F67ADEC8283390EE00D59B67 /* Release */ = {
			isa = XCBuildConfiguration;
			buildSettings = {
				ALWAYS_SEARCH_USER_PATHS = NO;
				CLANG_ANALYZER_NONNULL = YES;
				CLANG_ANALYZER_NUMBER_OBJECT_CONVERSION = YES_AGGRESSIVE;
				CLANG_CXX_LANGUAGE_STANDARD = "gnu++17";
				CLANG_ENABLE_MODULES = YES;
				CLANG_ENABLE_OBJC_ARC = YES;
				CLANG_ENABLE_OBJC_WEAK = YES;
				CLANG_WARN_BLOCK_CAPTURE_AUTORELEASING = YES;
				CLANG_WARN_BOOL_CONVERSION = YES;
				CLANG_WARN_COMMA = YES;
				CLANG_WARN_CONSTANT_CONVERSION = YES;
				CLANG_WARN_DEPRECATED_OBJC_IMPLEMENTATIONS = YES;
				CLANG_WARN_DIRECT_OBJC_ISA_USAGE = YES_ERROR;
				CLANG_WARN_DOCUMENTATION_COMMENTS = YES;
				CLANG_WARN_EMPTY_BODY = YES;
				CLANG_WARN_ENUM_CONVERSION = YES;
				CLANG_WARN_INFINITE_RECURSION = YES;
				CLANG_WARN_INT_CONVERSION = YES;
				CLANG_WARN_NON_LITERAL_NULL_CONVERSION = YES;
				CLANG_WARN_OBJC_IMPLICIT_RETAIN_SELF = YES;
				CLANG_WARN_OBJC_LITERAL_CONVERSION = YES;
				CLANG_WARN_OBJC_ROOT_CLASS = YES_ERROR;
				CLANG_WARN_QUOTED_INCLUDE_IN_FRAMEWORK_HEADER = YES;
				CLANG_WARN_RANGE_LOOP_ANALYSIS = YES;
				CLANG_WARN_STRICT_PROTOTYPES = YES;
				CLANG_WARN_SUSPICIOUS_MOVE = YES;
				CLANG_WARN_UNGUARDED_AVAILABILITY = YES_AGGRESSIVE;
				CLANG_WARN_UNREACHABLE_CODE = YES;
				CLANG_WARN__DUPLICATE_METHOD_MATCH = YES;
				COPY_PHASE_STRIP = NO;
				DEBUG_INFORMATION_FORMAT = "dwarf-with-dsym";
				ENABLE_NS_ASSERTIONS = NO;
				ENABLE_STRICT_OBJC_MSGSEND = YES;
				GCC_C_LANGUAGE_STANDARD = gnu11;
				GCC_NO_COMMON_BLOCKS = YES;
				GCC_WARN_64_TO_32_BIT_CONVERSION = YES;
				GCC_WARN_ABOUT_RETURN_TYPE = YES_ERROR;
				GCC_WARN_UNDECLARED_SELECTOR = YES;
				GCC_WARN_UNINITIALIZED_AUTOS = YES_AGGRESSIVE;
				GCC_WARN_UNUSED_FUNCTION = YES;
				GCC_WARN_UNUSED_VARIABLE = YES;
				IPHONEOS_DEPLOYMENT_TARGET = 15.4;
				MTL_ENABLE_DEBUG_INFO = NO;
				MTL_FAST_MATH = YES;
				SDKROOT = iphoneos;
				SWIFT_COMPILATION_MODE = wholemodule;
				SWIFT_OPTIMIZATION_LEVEL = "-O";
				VALIDATE_PRODUCT = YES;
			};
			name = Release;
		};
		F67ADECA283390EE00D59B67 /* Debug */ = {
			isa = XCBuildConfiguration;
			baseConfigurationReference = BF1351360504964D042B056D /* Pods-Messenger.debug.xcconfig */;
			buildSettings = {
				ASSETCATALOG_COMPILER_APPICON_NAME = AppIcon;
				ASSETCATALOG_COMPILER_GLOBAL_ACCENT_COLOR_NAME = AccentColor;
				CODE_SIGN_STYLE = Automatic;
				CURRENT_PROJECT_VERSION = 1;
				DEVELOPMENT_TEAM = 5374B32457;
				GENERATE_INFOPLIST_FILE = YES;
				INFOPLIST_FILE = Messenger/Info.plist;
				INFOPLIST_KEY_NSCalendarsUsageDescription = "Please allow access to take a profile picture.";
				INFOPLIST_KEY_NSPhotoLibraryAddUsageDescription = "Please allow access to select a photo for your profile.";
				INFOPLIST_KEY_UIApplicationSupportsIndirectInputEvents = YES;
				INFOPLIST_KEY_UILaunchStoryboardName = LaunchScreen;
				INFOPLIST_KEY_UIMainStoryboardFile = Main;
				INFOPLIST_KEY_UISupportedInterfaceOrientations = UIInterfaceOrientationPortrait;
				INFOPLIST_KEY_UISupportedInterfaceOrientations_iPad = "UIInterfaceOrientationPortrait UIInterfaceOrientationPortraitUpsideDown UIInterfaceOrientationLandscapeLeft UIInterfaceOrientationLandscapeRight";
				INFOPLIST_KEY_UISupportedInterfaceOrientations_iPhone = "UIInterfaceOrientationPortrait UIInterfaceOrientationLandscapeLeft UIInterfaceOrientationLandscapeRight";
				LD_RUNPATH_SEARCH_PATHS = (
					"$(inherited)",
					"@executable_path/Frameworks",
				);
				MARKETING_VERSION = 1.0;
				PRODUCT_BUNDLE_IDENTIFIER = vdc.Messenger;
				PRODUCT_NAME = "$(TARGET_NAME)";
				SWIFT_EMIT_LOC_STRINGS = YES;
				SWIFT_VERSION = 5.0;
				TARGETED_DEVICE_FAMILY = "1,2";
			};
			name = Debug;
		};
		F67ADECB283390EE00D59B67 /* Release */ = {
			isa = XCBuildConfiguration;
			baseConfigurationReference = 9B380725B8210D26B4C2BA7D /* Pods-Messenger.release.xcconfig */;
			buildSettings = {
				ASSETCATALOG_COMPILER_APPICON_NAME = AppIcon;
				ASSETCATALOG_COMPILER_GLOBAL_ACCENT_COLOR_NAME = AccentColor;
				CODE_SIGN_STYLE = Automatic;
				CURRENT_PROJECT_VERSION = 1;
				DEVELOPMENT_TEAM = 5374B32457;
				GENERATE_INFOPLIST_FILE = YES;
				INFOPLIST_FILE = Messenger/Info.plist;
				INFOPLIST_KEY_NSCalendarsUsageDescription = "Please allow access to take a profile picture.";
				INFOPLIST_KEY_NSPhotoLibraryAddUsageDescription = "Please allow access to select a photo for your profile.";
				INFOPLIST_KEY_UIApplicationSupportsIndirectInputEvents = YES;
				INFOPLIST_KEY_UILaunchStoryboardName = LaunchScreen;
				INFOPLIST_KEY_UIMainStoryboardFile = Main;
				INFOPLIST_KEY_UISupportedInterfaceOrientations = UIInterfaceOrientationPortrait;
				INFOPLIST_KEY_UISupportedInterfaceOrientations_iPad = "UIInterfaceOrientationPortrait UIInterfaceOrientationPortraitUpsideDown UIInterfaceOrientationLandscapeLeft UIInterfaceOrientationLandscapeRight";
				INFOPLIST_KEY_UISupportedInterfaceOrientations_iPhone = "UIInterfaceOrientationPortrait UIInterfaceOrientationLandscapeLeft UIInterfaceOrientationLandscapeRight";
				LD_RUNPATH_SEARCH_PATHS = (
					"$(inherited)",
					"@executable_path/Frameworks",
				);
				MARKETING_VERSION = 1.0;
				PRODUCT_BUNDLE_IDENTIFIER = vdc.Messenger;
				PRODUCT_NAME = "$(TARGET_NAME)";
				SWIFT_EMIT_LOC_STRINGS = YES;
				SWIFT_VERSION = 5.0;
				TARGETED_DEVICE_FAMILY = "1,2";
			};
			name = Release;
		};
/* End XCBuildConfiguration section */

/* Begin XCConfigurationList section */
		F67ADEB0283390ED00D59B67 /* Build configuration list for PBXProject "Messenger" */ = {
			isa = XCConfigurationList;
			buildConfigurations = (
				F67ADEC7283390EE00D59B67 /* Debug */,
				F67ADEC8283390EE00D59B67 /* Release */,
			);
			defaultConfigurationIsVisible = 0;
			defaultConfigurationName = Release;
		};
		F67ADEC9283390EE00D59B67 /* Build configuration list for PBXNativeTarget "Messenger" */ = {
			isa = XCConfigurationList;
			buildConfigurations = (
				F67ADECA283390EE00D59B67 /* Debug */,
				F67ADECB283390EE00D59B67 /* Release */,
			);
			defaultConfigurationIsVisible = 0;
			defaultConfigurationName = Release;
		};
/* End XCConfigurationList section */
	};
	rootObject = F67ADEAD283390ED00D59B67 /* Project object */;
}
